
Microsoft Visual Studio Solution File, Format Version 12.00
Project("{FAE04EC0-301F-11D3-BF4B-00C04F79EFBC}") = "Portfolio.Api", "Portfolio.Api\Portfolio.Api.csproj", "{4D8F57A1-4A09-4A55-B6FD-8A85254B9E6B}"
EndProject
Project("{FAE04EC0-301F-11D3-BF4B-00C04F79EFBC}") = "Portfolio.Core", "Portfolio.Core\Portfolio.Core.csproj", "{28F3D91B-BDF4-4C19-965A-F0497C3D971B}"
EndProject
Project("{FAE04EC0-301F-11D3-BF4B-00C04F79EFBC}") = "Portfolio.Database", "Portfolio.Database\Portfolio.Database.csproj", "{BFC0A9F3-4AA1-4829-A165-D077F5844CBD}"
EndProject
Project("{FAE04EC0-301F-11D3-BF4B-00C04F79EFBC}") = "Portfolio.Domain", "Portfolio.Domain\Portfolio.Domain.csproj", "{35098228-178F-4CBB-A292-CC2B1FC569AB}"
EndProject
Project("{FAE04EC0-301F-11D3-BF4B-00C04F79EFBC}") = "Portfolio.Migrations", "Portfolio.Migrations\Portfolio.Migrations.csproj", "{A78EF4FE-72C4-41F5-B8FA-AB7F77669304}"
EndProject
Global
	GlobalSection(SolutionConfigurationPlatforms) = preSolution
		Debug|Any CPU = Debug|Any CPU
		Release|Any CPU = Release|Any CPU
	EndGlobalSection
	GlobalSection(ProjectConfigurationPlatforms) = postSolution
		{4D8F57A1-4A09-4A55-B6FD-8A85254B9E6B}.Debug|Any CPU.ActiveCfg = Debug|Any CPU
		{4D8F57A1-4A09-4A55-B6FD-8A85254B9E6B}.Debug|Any CPU.Build.0 = Debug|Any CPU
		{4D8F57A1-4A09-4A55-B6FD-8A85254B9E6B}.Release|Any CPU.ActiveCfg = Release|Any CPU
		{4D8F57A1-4A09-4A55-B6FD-8A85254B9E6B}.Release|Any CPU.Build.0 = Release|Any CPU
		{28F3D91B-BDF4-4C19-965A-F0497C3D971B}.Debug|Any CPU.ActiveCfg = Debug|Any CPU
		{28F3D91B-BDF4-4C19-965A-F0497C3D971B}.Debug|Any CPU.Build.0 = Debug|Any CPU
		{28F3D91B-BDF4-4C19-965A-F0497C3D971B}.Release|Any CPU.ActiveCfg = Release|Any CPU
		{28F3D91B-BDF4-4C19-965A-F0497C3D971B}.Release|Any CPU.Build.0 = Release|Any CPU
		{BFC0A9F3-4AA1-4829-A165-D077F5844CBD}.Debug|Any CPU.ActiveCfg = Debug|Any CPU
		{BFC0A9F3-4AA1-4829-A165-D077F5844CBD}.Debug|Any CPU.Build.0 = Debug|Any CPU
		{BFC0A9F3-4AA1-4829-A165-D077F5844CBD}.Release|Any CPU.ActiveCfg = Release|Any CPU
		{BFC0A9F3-4AA1-4829-A165-D077F5844CBD}.Release|Any CPU.Build.0 = Release|Any CPU
		{35098228-178F-4CBB-A292-CC2B1FC569AB}.Debug|Any CPU.ActiveCfg = Debug|Any CPU
		{35098228-178F-4CBB-A292-CC2B1FC569AB}.Debug|Any CPU.Build.0 = Debug|Any CPU
		{35098228-178F-4CBB-A292-CC2B1FC569AB}.Release|Any CPU.ActiveCfg = Release|Any CPU
		{35098228-178F-4CBB-A292-CC2B1FC569AB}.Release|Any CPU.Build.0 = Release|Any CPU
		{A78EF4FE-72C4-41F5-B8FA-AB7F77669304}.Debug|Any CPU.ActiveCfg = Debug|Any CPU
		{A78EF4FE-72C4-41F5-B8FA-AB7F77669304}.Debug|Any CPU.Build.0 = Debug|Any CPU
		{A78EF4FE-72C4-41F5-B8FA-AB7F77669304}.Release|Any CPU.ActiveCfg = Release|Any CPU
		{A78EF4FE-72C4-41F5-B8FA-AB7F77669304}.Release|Any CPU.Build.0 = Release|Any CPU
	EndGlobalSection
EndGlobal
